
Microsoft Visual Studio Solution File, Format Version 9.00
# Visual Studio 2005
Project("{FAE04EC0-301F-11D3-BF4B-00C04F79EFBC}") = "do while", "do while\do while.csproj", "{CDA4D2A0-3762-4629-B630-A18638CC347E}"
EndProject
Global
	GlobalSection(SolutionConfigurationPlatforms) = preSolution
		Debug|Any CPU = Debug|Any CPU
		Release|Any CPU = Release|Any CPU
	EndGlobalSection
	GlobalSection(ProjectConfigurationPlatforms) = postSolution
		{CDA4D2A0-3762-4629-B630-A18638CC347E}.Debug|Any CPU.ActiveCfg = Debug|Any CPU
		{CDA4D2A0-3762-4629-B630-A18638CC347E}.Debug|Any CPU.Build.0 = Debug|Any CPU
		{CDA4D2A0-3762-4629-B630-A18638CC347E}.Release|Any CPU.ActiveCfg = Release|Any CPU
		{CDA4D2A0-3762-4629-B630-A18638CC347E}.Release|Any CPU.Build.0 = Release|Any CPU
	EndGlobalSection
	GlobalSection(SolutionProperties) = preSolution
		HideSolutionNode = FALSE
	EndGlobalSection
EndGlobal
