
Microsoft Visual Studio Solution File, Format Version 9.00
# Visual Studio 2005
Project("{FAE04EC0-301F-11D3-BF4B-00C04F79EFBC}") = "ConsoleApplication4", "ConsoleApplication4\ConsoleApplication4.csproj", "{803B95B2-77C9-4C20-BD82-2F77B3E52F80}"
EndProject
Global
	GlobalSection(SolutionConfigurationPlatforms) = preSolution
		Debug|Any CPU = Debug|Any CPU
		Release|Any CPU = Release|Any CPU
	EndGlobalSection
	GlobalSection(ProjectConfigurationPlatforms) = postSolution
		{803B95B2-77C9-4C20-BD82-2F77B3E52F80}.Debug|Any CPU.ActiveCfg = Debug|Any CPU
		{803B95B2-77C9-4C20-BD82-2F77B3E52F80}.Debug|Any CPU.Build.0 = Debug|Any CPU
		{803B95B2-77C9-4C20-BD82-2F77B3E52F80}.Release|Any CPU.ActiveCfg = Release|Any CPU
		{803B95B2-77C9-4C20-BD82-2F77B3E52F80}.Release|Any CPU.Build.0 = Release|Any CPU
	EndGlobalSection
	GlobalSection(SolutionProperties) = preSolution
		HideSolutionNode = FALSE
	EndGlobalSection
EndGlobal
